
Microsoft Visual Studio Solution File, Format Version 12.00
# Visual Studio Version 17
VisualStudioVersion = 17.5.33424.131
MinimumVisualStudioVersion = 10.0.40219.1
Project("{8BC9CEB8-8B4A-11D0-8D11-00A0C91BC942}") = "Tema 1 structuri de date", "Tema 1 structuri de date\Tema 1 structuri de date.vcxproj", "{AEFA30C2-88A5-4CC4-A2E7-3CBDAD5D23F3}"
EndProject
Global
	GlobalSection(SolutionConfigurationPlatforms) = preSolution
		Debug|x64 = Debug|x64
		Debug|x86 = Debug|x86
		Release|x64 = Release|x64
		Release|x86 = Release|x86
	EndGlobalSection
	GlobalSection(ProjectConfigurationPlatforms) = postSolution
		{AEFA30C2-88A5-4CC4-A2E7-3CBDAD5D23F3}.Debug|x64.ActiveCfg = Debug|x64
		{AEFA30C2-88A5-4CC4-A2E7-3CBDAD5D23F3}.Debug|x64.Build.0 = Debug|x64
		{AEFA30C2-88A5-4CC4-A2E7-3CBDAD5D23F3}.Debug|x86.ActiveCfg = Debug|Win32
		{AEFA30C2-88A5-4CC4-A2E7-3CBDAD5D23F3}.Debug|x86.Build.0 = Debug|Win32
		{AEFA30C2-88A5-4CC4-A2E7-3CBDAD5D23F3}.Release|x64.ActiveCfg = Release|x64
		{AEFA30C2-88A5-4CC4-A2E7-3CBDAD5D23F3}.Release|x64.Build.0 = Release|x64
		{AEFA30C2-88A5-4CC4-A2E7-3CBDAD5D23F3}.Release|x86.ActiveCfg = Release|Win32
		{AEFA30C2-88A5-4CC4-A2E7-3CBDAD5D23F3}.Release|x86.Build.0 = Release|Win32
	EndGlobalSection
	GlobalSection(SolutionProperties) = preSolution
		HideSolutionNode = FALSE
	EndGlobalSection
	GlobalSection(ExtensibilityGlobals) = postSolution
		SolutionGuid = {6BD16752-BF71-4519-A1F1-5147B47F8172}
	EndGlobalSection
EndGlobal
